// !$*UTF8*$!
{
	archiveVersion = 1;
	classes = {
	};
	objectVersion = 55;
	objects = {

/* Begin PBXBuildFile section */
		D62D7D7F26DE7A9D001DCC5F /* AppDelegate.swift in Sources */ = {isa = PBXBuildFile; fileRef = D62D7D7E26DE7A9D001DCC5F /* AppDelegate.swift */; };
		D62D7D8326DE7A9F001DCC5F /* Assets.xcassets in Resources */ = {isa = PBXBuildFile; fileRef = D62D7D8226DE7A9F001DCC5F /* Assets.xcassets */; };
		D62D7D9226DF237A001DCC5F /* PreferencePanesSupport.framework in Frameworks */ = {isa = PBXBuildFile; fileRef = D62D7D9126DF237A001DCC5F /* PreferencePanesSupport.framework */; };
		D6955CDC26DF287800EB0723 /* main.swift in Sources */ = {isa = PBXBuildFile; fileRef = D6955CDB26DF287800EB0723 /* main.swift */; };
		D6AB3C8A26EE52020019A4F7 /* Preferences.swift in Sources */ = {isa = PBXBuildFile; fileRef = D6AB3C8926EE52010019A4F7 /* Preferences.swift */; };
		D6AB3C8C26EE56540019A4F7 /* Direction.swift in Sources */ = {isa = PBXBuildFile; fileRef = D6AB3C8B26EE56540019A4F7 /* Direction.swift */; };
/* End PBXBuildFile section */

/* Begin PBXFileReference section */
		D62D7D7B26DE7A9D001DCC5F /* ScrollSwitcher.app */ = {isa = PBXFileReference; explicitFileType = wrapper.application; includeInIndex = 0; path = ScrollSwitcher.app; sourceTree = BUILT_PRODUCTS_DIR; };
		D62D7D7E26DE7A9D001DCC5F /* AppDelegate.swift */ = {isa = PBXFileReference; lastKnownFileType = sourcecode.swift; path = AppDelegate.swift; sourceTree = "<group>"; };
		D62D7D8226DE7A9F001DCC5F /* Assets.xcassets */ = {isa = PBXFileReference; lastKnownFileType = folder.assetcatalog; path = Assets.xcassets; sourceTree = "<group>"; };
		D62D7D8C26DE7B36001DCC5F /* Info.plist */ = {isa = PBXFileReference; lastKnownFileType = text.plist; path = Info.plist; sourceTree = "<group>"; };
		D62D7D8F26DF228D001DCC5F /* ScrollSwitcher-Bridging-Header.h */ = {isa = PBXFileReference; lastKnownFileType = sourcecode.c.h; path = "ScrollSwitcher-Bridging-Header.h"; sourceTree = "<group>"; };
		D62D7D9126DF237A001DCC5F /* PreferencePanesSupport.framework */ = {isa = PBXFileReference; lastKnownFileType = wrapper.framework; name = PreferencePanesSupport.framework; path = ../../../../System/Library/PrivateFrameworks/PreferencePanesSupport.framework; sourceTree = "<group>"; };
		D6955CDB26DF287800EB0723 /* main.swift */ = {isa = PBXFileReference; lastKnownFileType = sourcecode.swift; path = main.swift; sourceTree = "<group>"; };
		D6AB3C8926EE52010019A4F7 /* Preferences.swift */ = {isa = PBXFileReference; lastKnownFileType = sourcecode.swift; path = Preferences.swift; sourceTree = "<group>"; };
		D6AB3C8B26EE56540019A4F7 /* Direction.swift */ = {isa = PBXFileReference; lastKnownFileType = sourcecode.swift; path = Direction.swift; sourceTree = "<group>"; };
/* End PBXFileReference section */

/* Begin PBXFrameworksBuildPhase section */
		D62D7D7826DE7A9D001DCC5F /* Frameworks */ = {
			isa = PBXFrameworksBuildPhase;
			buildActionMask = 2147483647;
			files = (
				D62D7D9226DF237A001DCC5F /* PreferencePanesSupport.framework in Frameworks */,
			);
			runOnlyForDeploymentPostprocessing = 0;
		};
/* End PBXFrameworksBuildPhase section */

/* Begin PBXGroup section */
		D62D7D7226DE7A9D001DCC5F = {
			isa = PBXGroup;
			children = (
				D62D7D7D26DE7A9D001DCC5F /* ScrollSwitcher */,
				D62D7D7C26DE7A9D001DCC5F /* Products */,
				D62D7D9026DF237A001DCC5F /* Frameworks */,
			);
			sourceTree = "<group>";
		};
		D62D7D7C26DE7A9D001DCC5F /* Products */ = {
			isa = PBXGroup;
			children = (
				D62D7D7B26DE7A9D001DCC5F /* ScrollSwitcher.app */,
			);
			name = Products;
			sourceTree = "<group>";
		};
		D62D7D7D26DE7A9D001DCC5F /* ScrollSwitcher */ = {
			isa = PBXGroup;
			children = (
				D62D7D8C26DE7B36001DCC5F /* Info.plist */,
				D6955CDB26DF287800EB0723 /* main.swift */,
				D62D7D7E26DE7A9D001DCC5F /* AppDelegate.swift */,
				D6AB3C8B26EE56540019A4F7 /* Direction.swift */,
				D6AB3C8926EE52010019A4F7 /* Preferences.swift */,
				D62D7D8F26DF228D001DCC5F /* ScrollSwitcher-Bridging-Header.h */,
				D62D7D8226DE7A9F001DCC5F /* Assets.xcassets */,
			);
			path = ScrollSwitcher;
			sourceTree = "<group>";
		};
		D62D7D9026DF237A001DCC5F /* Frameworks */ = {
			isa = PBXGroup;
			children = (
				D62D7D9126DF237A001DCC5F /* PreferencePanesSupport.framework */,
			);
			name = Frameworks;
			sourceTree = "<group>";
		};
/* End PBXGroup section */

/* Begin PBXNativeTarget section */
		D62D7D7A26DE7A9D001DCC5F /* ScrollSwitcher */ = {
			isa = PBXNativeTarget;
			buildConfigurationList = D62D7D8926DE7A9F001DCC5F /* Build configuration list for PBXNativeTarget "ScrollSwitcher" */;
			buildPhases = (
				D62D7D7726DE7A9D001DCC5F /* Sources */,
				D62D7D7826DE7A9D001DCC5F /* Frameworks */,
				D62D7D7926DE7A9D001DCC5F /* Resources */,
			);
			buildRules = (
			);
			dependencies = (
			);
			name = ScrollSwitcher;
			productName = ScrollSwitcher;
			productReference = D62D7D7B26DE7A9D001DCC5F /* ScrollSwitcher.app */;
			productType = "com.apple.product-type.application";
		};
/* End PBXNativeTarget section */

/* Begin PBXProject section */
		D62D7D7326DE7A9D001DCC5F /* Project object */ = {
			isa = PBXProject;
			attributes = {
				BuildIndependentTargetsInParallel = 1;
				LastSwiftUpdateCheck = 1300;
				LastUpgradeCheck = 1300;
				TargetAttributes = {
					D62D7D7A26DE7A9D001DCC5F = {
						CreatedOnToolsVersion = 13.0;
					};
				};
			};
			buildConfigurationList = D62D7D7626DE7A9D001DCC5F /* Build configuration list for PBXProject "ScrollSwitcher" */;
			compatibilityVersion = "Xcode 13.0";
			developmentRegion = en;
			hasScannedForEncodings = 0;
			knownRegions = (
				en,
				Base,
			);
			mainGroup = D62D7D7226DE7A9D001DCC5F;
			productRefGroup = D62D7D7C26DE7A9D001DCC5F /* Products */;
			projectDirPath = "";
			projectRoot = "";
			targets = (
				D62D7D7A26DE7A9D001DCC5F /* ScrollSwitcher */,
			);
		};
/* End PBXProject section */

/* Begin PBXResourcesBuildPhase section */
		D62D7D7926DE7A9D001DCC5F /* Resources */ = {
			isa = PBXResourcesBuildPhase;
			buildActionMask = 2147483647;
			files = (
				D62D7D8326DE7A9F001DCC5F /* Assets.xcassets in Resources */,
			);
			runOnlyForDeploymentPostprocessing = 0;
		};
/* End PBXResourcesBuildPhase section */

/* Begin PBXSourcesBuildPhase section */
		D62D7D7726DE7A9D001DCC5F /* Sources */ = {
			isa = PBXSourcesBuildPhase;
			buildActionMask = 2147483647;
			files = (
				D6955CDC26DF287800EB0723 /* main.swift in Sources */,
				D62D7D7F26DE7A9D001DCC5F /* AppDelegate.swift in Sources */,
				D6AB3C8A26EE52020019A4F7 /* Preferences.swift in Sources */,
				D6AB3C8C26EE56540019A4F7 /* Direction.swift in Sources */,
			);
			runOnlyForDeploymentPostprocessing = 0;
		};
/* End PBXSourcesBuildPhase section */

/* Begin XCBuildConfiguration section */
		D62D7D8726DE7A9F001DCC5F /* Debug */ = {
			isa = XCBuildConfiguration;
			buildSettings = {
				ALWAYS_SEARCH_USER_PATHS = NO;
				CLANG_ANALYZER_NONNULL = YES;
				CLANG_ANALYZER_NUMBER_OBJECT_CONVERSION = YES_AGGRESSIVE;
				CLANG_CXX_LANGUAGE_STANDARD = "gnu++17";
				CLANG_CXX_LIBRARY = "libc++";
				CLANG_ENABLE_MODULES = YES;
				CLANG_ENABLE_OBJC_ARC = YES;
				CLANG_ENABLE_OBJC_WEAK = YES;
				CLANG_WARN_BLOCK_CAPTURE_AUTORELEASING = YES;
				CLANG_WARN_BOOL_CONVERSION = YES;
				CLANG_WARN_COMMA = YES;
				CLANG_WARN_CONSTANT_CONVERSION = YES;
				CLANG_WARN_DEPRECATED_OBJC_IMPLEMENTATIONS = YES;
				CLANG_WARN_DIRECT_OBJC_ISA_USAGE = YES_ERROR;
				CLANG_WARN_DOCUMENTATION_COMMENTS = YES;
				CLANG_WARN_EMPTY_BODY = YES;
				CLANG_WARN_ENUM_CONVERSION = YES;
				CLANG_WARN_INFINITE_RECURSION = YES;
				CLANG_WARN_INT_CONVERSION = YES;
				CLANG_WARN_NON_LITERAL_NULL_CONVERSION = YES;
				CLANG_WARN_OBJC_IMPLICIT_RETAIN_SELF = YES;
				CLANG_WARN_OBJC_LITERAL_CONVERSION = YES;
				CLANG_WARN_OBJC_ROOT_CLASS = YES_ERROR;
				CLANG_WARN_QUOTED_INCLUDE_IN_FRAMEWORK_HEADER = YES;
				CLANG_WARN_RANGE_LOOP_ANALYSIS = YES;
				CLANG_WARN_STRICT_PROTOTYPES = YES;
				CLANG_WARN_SUSPICIOUS_MOVE = YES;
				CLANG_WARN_UNGUARDED_AVAILABILITY = YES_AGGRESSIVE;
				CLANG_WARN_UNREACHABLE_CODE = YES;
				CLANG_WARN__DUPLICATE_METHOD_MATCH = YES;
				COPY_PHASE_STRIP = NO;
				DEBUG_INFORMATION_FORMAT = dwarf;
				ENABLE_STRICT_OBJC_MSGSEND = YES;
				ENABLE_TESTABILITY = YES;
				GCC_C_LANGUAGE_STANDARD = gnu11;
				GCC_DYNAMIC_NO_PIC = NO;
				GCC_NO_COMMON_BLOCKS = YES;
				GCC_OPTIMIZATION_LEVEL = 0;
				GCC_PREPROCESSOR_DEFINITIONS = (
					"DEBUG=1",
					"$(inherited)",
				);
				GCC_WARN_64_TO_32_BIT_CONVERSION = YES;
				GCC_WARN_ABOUT_RETURN_TYPE = YES_ERROR;
				GCC_WARN_UNDECLARED_SELECTOR = YES;
				GCC_WARN_UNINITIALIZED_AUTOS = YES_AGGRESSIVE;
				GCC_WARN_UNUSED_FUNCTION = YES;
				GCC_WARN_UNUSED_VARIABLE = YES;
				MACOSX_DEPLOYMENT_TARGET = 11.4;
				MTL_ENABLE_DEBUG_INFO = INCLUDE_SOURCE;
				MTL_FAST_MATH = YES;
				ONLY_ACTIVE_ARCH = YES;
				SDKROOT = macosx;
				SWIFT_ACTIVE_COMPILATION_CONDITIONS = DEBUG;
				SWIFT_OPTIMIZATION_LEVEL = "-Onone";
			};
			name = Debug;
		};
		D62D7D8826DE7A9F001DCC5F /* Release */ = {
			isa = XCBuildConfiguration;
			buildSettings = {
				ALWAYS_SEARCH_USER_PATHS = NO;
				CLANG_ANALYZER_NONNULL = YES;
				CLANG_ANALYZER_NUMBER_OBJECT_CONVERSION = YES_AGGRESSIVE;
				CLANG_CXX_LANGUAGE_STANDARD = "gnu++17";
				CLANG_CXX_LIBRARY = "libc++";
				CLANG_ENABLE_MODULES = YES;
				CLANG_ENABLE_OBJC_ARC = YES;
				CLANG_ENABLE_OBJC_WEAK = YES;
				CLANG_WARN_BLOCK_CAPTURE_AUTORELEASING = YES;
				CLANG_WARN_BOOL_CONVERSION = YES;
				CLANG_WARN_COMMA = YES;
				CLANG_WARN_CONSTANT_CONVERSION = YES;
				CLANG_WARN_DEPRECATED_OBJC_IMPLEMENTATIONS = YES;
				CLANG_WARN_DIRECT_OBJC_ISA_USAGE = YES_ERROR;
				CLANG_WARN_DOCUMENTATION_COMMENTS = YES;
				CLANG_WARN_EMPTY_BODY = YES;
				CLANG_WARN_ENUM_CONVERSION = YES;
				CLANG_WARN_INFINITE_RECURSION = YES;
				CLANG_WARN_INT_CONVERSION = YES;
				CLANG_WARN_NON_LITERAL_NULL_CONVERSION = YES;
				CLANG_WARN_OBJC_IMPLICIT_RETAIN_SELF = YES;
				CLANG_WARN_OBJC_LITERAL_CONVERSION = YES;
				CLANG_WARN_OBJC_ROOT_CLASS = YES_ERROR;
				CLANG_WARN_QUOTED_INCLUDE_IN_FRAMEWORK_HEADER = YES;
				CLANG_WARN_RANGE_LOOP_ANALYSIS = YES;
				CLANG_WARN_STRICT_PROTOTYPES = YES;
				CLANG_WARN_SUSPICIOUS_MOVE = YES;
				CLANG_WARN_UNGUARDED_AVAILABILITY = YES_AGGRESSIVE;
				CLANG_WARN_UNREACHABLE_CODE = YES;
				CLANG_WARN__DUPLICATE_METHOD_MATCH = YES;
				COPY_PHASE_STRIP = NO;
				DEBUG_INFORMATION_FORMAT = "dwarf-with-dsym";
				ENABLE_NS_ASSERTIONS = NO;
				ENABLE_STRICT_OBJC_MSGSEND = YES;
				GCC_C_LANGUAGE_STANDARD = gnu11;
				GCC_NO_COMMON_BLOCKS = YES;
				GCC_WARN_64_TO_32_BIT_CONVERSION = YES;
				GCC_WARN_ABOUT_RETURN_TYPE = YES_ERROR;
				GCC_WARN_UNDECLARED_SELECTOR = YES;
				GCC_WARN_UNINITIALIZED_AUTOS = YES_AGGRESSIVE;
				GCC_WARN_UNUSED_FUNCTION = YES;
				GCC_WARN_UNUSED_VARIABLE = YES;
				MACOSX_DEPLOYMENT_TARGET = 11.4;
				MTL_ENABLE_DEBUG_INFO = NO;
				MTL_FAST_MATH = YES;
				SDKROOT = macosx;
				SWIFT_COMPILATION_MODE = wholemodule;
				SWIFT_OPTIMIZATION_LEVEL = "-O";
			};
			name = Release;
		};
		D62D7D8A26DE7A9F001DCC5F /* Debug */ = {
			isa = XCBuildConfiguration;
			buildSettings = {
				ASSETCATALOG_COMPILER_APPICON_NAME = AppIcon;
				ASSETCATALOG_COMPILER_GLOBAL_ACCENT_COLOR_NAME = AccentColor;
				"CODE_SIGN_IDENTITY[sdk=macosx*]" = "-";
				CODE_SIGN_STYLE = Automatic;
				COMBINE_HIDPI_IMAGES = YES;
				CURRENT_PROJECT_VERSION = 1;
				DEVELOPMENT_TEAM = "";
				ENABLE_APP_SANDBOX = NO;
				ENABLE_HARDENED_RUNTIME = NO;
				GENERATE_INFOPLIST_FILE = YES;
				INFOPLIST_FILE = ScrollSwitcher/Info.plist;
				INFOPLIST_KEY_LSUIElement = YES;
				INFOPLIST_KEY_NSHumanReadableCopyright = "";
				INFOPLIST_KEY_NSPrincipalClass = NSApplication;
				LD_RUNPATH_SEARCH_PATHS = (
					"$(inherited)",
					"@executable_path/../Frameworks",
				);
				MACOSX_DEPLOYMENT_TARGET = 13.0;
				MARKETING_VERSION = 1.0;
				PRODUCT_BUNDLE_IDENTIFIER = net.mattcraig.ScrollSwitcher;
				PRODUCT_NAME = "$(TARGET_NAME)";
				SWIFT_EMIT_LOC_STRINGS = YES;
				SWIFT_OBJC_BRIDGING_HEADER = "ScrollSwitcher/ScrollSwitcher-Bridging-Header.h";
				SWIFT_VERSION = 5.0;
				SYSTEM_FRAMEWORK_SEARCH_PATHS = (
					"$(inherited)",
					"$(SYSTEM_LIBRARY_DIR)/PrivateFrameworks",
				);
			};
			name = Debug;
		};
		D62D7D8B26DE7A9F001DCC5F /* Release */ = {
			isa = XCBuildConfiguration;
			buildSettings = {
				ASSETCATALOG_COMPILER_APPICON_NAME = AppIcon;
				ASSETCATALOG_COMPILER_GLOBAL_ACCENT_COLOR_NAME = AccentColor;
				"CODE_SIGN_IDENTITY[sdk=macosx*]" = "-";
				CODE_SIGN_STYLE = Automatic;
				COMBINE_HIDPI_IMAGES = YES;
				CURRENT_PROJECT_VERSION = 1;
				DEVELOPMENT_TEAM = "";
				ENABLE_APP_SANDBOX = NO;
				ENABLE_HARDENED_RUNTIME = NO;
				GENERATE_INFOPLIST_FILE = YES;
				INFOPLIST_FILE = ScrollSwitcher/Info.plist;
				INFOPLIST_KEY_LSUIElement = YES;
				INFOPLIST_KEY_NSHumanReadableCopyright = "";
				INFOPLIST_KEY_NSPrincipalClass = NSApplication;
				LD_RUNPATH_SEARCH_PATHS = (
					"$(inherited)",
					"@executable_path/../Frameworks",
				);
				MACOSX_DEPLOYMENT_TARGET = 13.0;
				MARKETING_VERSION = 1.0;
				PRODUCT_BUNDLE_IDENTIFIER = net.mattcraig.ScrollSwitcher;
				PRODUCT_NAME = "$(TARGET_NAME)";
				SWIFT_EMIT_LOC_STRINGS = YES;
				SWIFT_OBJC_BRIDGING_HEADER = "ScrollSwitcher/ScrollSwitcher-Bridging-Header.h";
				SWIFT_VERSION = 5.0;
				SYSTEM_FRAMEWORK_SEARCH_PATHS = (
					"$(inherited)",
					"$(SYSTEM_LIBRARY_DIR)/PrivateFrameworks",
				);
			};
			name = Release;
		};
/* End XCBuildConfiguration section */

/* Begin XCConfigurationList section */
		D62D7D7626DE7A9D001DCC5F /* Build configuration list for PBXProject "ScrollSwitcher" */ = {
			isa = XCConfigurationList;
			buildConfigurations = (
				D62D7D8726DE7A9F001DCC5F /* Debug */,
				D62D7D8826DE7A9F001DCC5F /* Release */,
			);
			defaultConfigurationIsVisible = 0;
			defaultConfigurationName = Release;
		};
		D62D7D8926DE7A9F001DCC5F /* Build configuration list for PBXNativeTarget "ScrollSwitcher" */ = {
			isa = XCConfigurationList;
			buildConfigurations = (
				D62D7D8A26DE7A9F001DCC5F /* Debug */,
				D62D7D8B26DE7A9F001DCC5F /* Release */,
			);
			defaultConfigurationIsVisible = 0;
			defaultConfigurationName = Release;
		};
/* End XCConfigurationList section */
	};
	rootObject = D62D7D7326DE7A9D001DCC5F /* Project object */;
}
